
Microsoft Visual Studio Solution File, Format Version 12.00
# Visual Studio Version 17
VisualStudioVersion = 17.13.35931.197 d17.13
MinimumVisualStudioVersion = 10.0.40219.1
Project("{FAE04EC0-301F-11D3-BF4B-00C04F79EFBC}") = "HoaDonDienTu", "HoaDonDienTu\HoaDonDienTu.csproj", "{9C52D175-951E-497B-BD2A-987E62802958}"
EndProject
Global
	GlobalSection(SolutionConfigurationPlatforms) = preSolution
		Debug|Any CPU = Debug|Any CPU
		Release|Any CPU = Release|Any CPU
	EndGlobalSection
	GlobalSection(ProjectConfigurationPlatforms) = postSolution
		{9C52D175-951E-497B-BD2A-987E62802958}.Debug|Any CPU.ActiveCfg = Debug|Any CPU
		{9C52D175-951E-497B-BD2A-987E62802958}.Debug|Any CPU.Build.0 = Debug|Any CPU
		{9C52D175-951E-497B-BD2A-987E62802958}.Release|Any CPU.ActiveCfg = Release|Any CPU
		{9C52D175-951E-497B-BD2A-987E62802958}.Release|Any CPU.Build.0 = Release|Any CPU
	EndGlobalSection
	GlobalSection(SolutionProperties) = preSolution
		HideSolutionNode = FALSE
	EndGlobalSection
	GlobalSection(ExtensibilityGlobals) = postSolution
		SolutionGuid = {F6383E37-E72B-4F26-A824-F50CAEB617CE}
	EndGlobalSection
EndGlobal
